// !$*UTF8*$!
{
	archiveVersion = 1;
	classes = {
	};
	objectVersion = 77;
	objects = {

/* Begin PBXBuildFile section */
		AA0000000000000000000001 /* PetTrackerAppApp.swift in Sources */ = {isa = PBXBuildFile; fileRef = BB0000000000000000000001 /* PetTrackerAppApp.swift */; };
		AA0000000000000000000002 /* AppTabView.swift in Sources */ = {isa = PBXBuildFile; fileRef = BB0000000000000000000002 /* AppTabView.swift */; };
		AA0000000000000000000003 /* DomainModels.swift in Sources */ = {isa = PBXBuildFile; fileRef = BB0000000000000000000003 /* DomainModels.swift */; };
		AA0000000000000000000004 /* PetCareStore.swift in Sources */ = {isa = PBXBuildFile; fileRef = BB0000000000000000000004 /* PetCareStore.swift */; };
		AA0000000000000000000005 /* PreviewData.swift in Sources */ = {isa = PBXBuildFile; fileRef = BB0000000000000000000005 /* PreviewData.swift */; };
		AA0000000000000000000006 /* EventSummaryText.swift in Sources */ = {isa = PBXBuildFile; fileRef = BB0000000000000000000006 /* EventSummaryText.swift */; };
		AA0000000000000000000007 /* RelativeTimeText.swift in Sources */ = {isa = PBXBuildFile; fileRef = BB0000000000000000000007 /* RelativeTimeText.swift */; };
		AA0000000000000000000008 /* HomeView.swift in Sources */ = {isa = PBXBuildFile; fileRef = BB0000000000000000000008 /* HomeView.swift */; };
		AA0000000000000000000009 /* EventListView.swift in Sources */ = {isa = PBXBuildFile; fileRef = BB0000000000000000000009 /* EventListView.swift */; };
		AA0000000000000000000010 /* PetListView.swift in Sources */ = {isa = PBXBuildFile; fileRef = BB0000000000000000000010 /* PetListView.swift */; };
		AA0000000000000000000011 /* PetDetailView.swift in Sources */ = {isa = PBXBuildFile; fileRef = BB0000000000000000000011 /* PetDetailView.swift */; };
		AA0000000000000000000012 /* NotificationsView.swift in Sources */ = {isa = PBXBuildFile; fileRef = BB0000000000000000000012 /* NotificationsView.swift */; };
		AA0000000000000000000013 /* SettingsView.swift in Sources */ = {isa = PBXBuildFile; fileRef = BB0000000000000000000013 /* SettingsView.swift */; };
		AA0000000000000000000014 /* DomainValidation.swift in Sources */ = {isa = PBXBuildFile; fileRef = BB0000000000000000000014 /* DomainValidation.swift */; };
		AA0000000000000000000015 /* ReminderScheduler.swift in Sources */ = {isa = PBXBuildFile; fileRef = BB0000000000000000000015 /* ReminderScheduler.swift */; };
		AA0000000000000000000016 /* RepositoryProtocols.swift in Sources */ = {isa = PBXBuildFile; fileRef = BB0000000000000000000016 /* RepositoryProtocols.swift */; };
		AA0000000000000000000017 /* DomainValidationTests.swift in Sources */ = {isa = PBXBuildFile; fileRef = BB0000000000000000000017 /* DomainValidationTests.swift */; };
		AA0000000000000000000018 /* ReminderSchedulerTests.swift in Sources */ = {isa = PBXBuildFile; fileRef = BB0000000000000000000018 /* ReminderSchedulerTests.swift */; };
		AA0000000000000000000019 /* RepositoryTests.swift in Sources */ = {isa = PBXBuildFile; fileRef = BB0000000000000000000019 /* RepositoryTests.swift */; };
		AA0000000000000000000020 /* SwiftDataModels.swift in Sources */ = {isa = PBXBuildFile; fileRef = BB0000000000000000000021 /* SwiftDataModels.swift */; };
		AA0000000000000000000021 /* SwiftDataMappers.swift in Sources */ = {isa = PBXBuildFile; fileRef = BB0000000000000000000022 /* SwiftDataMappers.swift */; };
		AA0000000000000000000022 /* SwiftDataRepositories.swift in Sources */ = {isa = PBXBuildFile; fileRef = BB0000000000000000000023 /* SwiftDataRepositories.swift */; };
		AA0000000000000000000023 /* UserDefaultsSettingsRepository.swift in Sources */ = {isa = PBXBuildFile; fileRef = BB0000000000000000000024 /* UserDefaultsSettingsRepository.swift */; };
		AA0000000000000000000024 /* SwiftDataPersistenceTests.swift in Sources */ = {isa = PBXBuildFile; fileRef = BB0000000000000000000025 /* SwiftDataPersistenceTests.swift */; };
		AA0000000000000000000025 /* PersistentRootView.swift in Sources */ = {isa = PBXBuildFile; fileRef = BB0000000000000000000026 /* PersistentRootView.swift */; };
		AA0000000000000000000026 /* SeedData.swift in Sources */ = {isa = PBXBuildFile; fileRef = BB0000000000000000000027 /* SeedData.swift */; };
		AA0000000000000000000027 /* SeedData.local.swift in Sources */ = {isa = PBXBuildFile; fileRef = BB0000000000000000000028 /* SeedData.local.swift */; };
		AA0000000000000000000028 /* EventSummaryRow.swift in Sources */ = {isa = PBXBuildFile; fileRef = BB0000000000000000000029 /* EventSummaryRow.swift */; };
		AA0000000000000000000029 /* ReminderSummaryRow.swift in Sources */ = {isa = PBXBuildFile; fileRef = BB0000000000000000000030 /* ReminderSummaryRow.swift */; };
		AA0000000000000000000030 /* DateGrouping.swift in Sources */ = {isa = PBXBuildFile; fileRef = BB0000000000000000000031 /* DateGrouping.swift */; };
		AA0000000000000000000031 /* EventCreationRoute.swift in Sources */ = {isa = PBXBuildFile; fileRef = BB0000000000000000000032 /* EventCreationRoute.swift */; };
		AA0000000000000000000032 /* EventCreationSheet.swift in Sources */ = {isa = PBXBuildFile; fileRef = BB0000000000000000000033 /* EventCreationSheet.swift */; };
		AA0000000000000000000033 /* FoodEventFormViewModel.swift in Sources */ = {isa = PBXBuildFile; fileRef = BB0000000000000000000034 /* FoodEventFormViewModel.swift */; };
		AA0000000000000000000034 /* MedicineEventFormViewModel.swift in Sources */ = {isa = PBXBuildFile; fileRef = BB0000000000000000000035 /* MedicineEventFormViewModel.swift */; };
		AA0000000000000000000035 /* LitterEventFormViewModel.swift in Sources */ = {isa = PBXBuildFile; fileRef = BB0000000000000000000036 /* LitterEventFormViewModel.swift */; };
		AA0000000000000000000036 /* SavedOptionFormViewModel.swift in Sources */ = {isa = PBXBuildFile; fileRef = BB0000000000000000000037 /* SavedOptionFormViewModel.swift */; };
		AA0000000000000000000037 /* FoodEventFormViewModelTests.swift in Sources */ = {isa = PBXBuildFile; fileRef = BB0000000000000000000038 /* FoodEventFormViewModelTests.swift */; };
/* End PBXBuildFile section */

/* Begin PBXContainerItemProxy section */
		EE0000000000000000000001 /* PBXContainerItemProxy */ = {
			isa = PBXContainerItemProxy;
			containerPortal = CC0000000000000000000008 /* Project object */;
			proxyType = 1;
			remoteGlobalIDString = CC0000000000000000000004;
			remoteInfo = PetTrackerApp;
		};
/* End PBXContainerItemProxy section */

/* Begin PBXFileReference section */
		BB0000000000000000000000 /* PetTrackerApp.app */ = {isa = PBXFileReference; explicitFileType = wrapper.application; includeInIndex = 0; path = PetTrackerApp.app; sourceTree = BUILT_PRODUCTS_DIR; };
		BB0000000000000000000001 /* PetTrackerAppApp.swift */ = {isa = PBXFileReference; lastKnownFileType = sourcecode.swift; path = PetTrackerAppApp.swift; sourceTree = "<group>"; };
		BB0000000000000000000002 /* AppTabView.swift */ = {isa = PBXFileReference; lastKnownFileType = sourcecode.swift; path = App/AppTabView.swift; sourceTree = "<group>"; };
		BB0000000000000000000003 /* DomainModels.swift */ = {isa = PBXFileReference; lastKnownFileType = sourcecode.swift; path = Models/DomainModels.swift; sourceTree = "<group>"; };
		BB0000000000000000000004 /* PetCareStore.swift */ = {isa = PBXFileReference; lastKnownFileType = sourcecode.swift; path = Repositories/PetCareStore.swift; sourceTree = "<group>"; };
		BB0000000000000000000005 /* PreviewData.swift */ = {isa = PBXFileReference; lastKnownFileType = sourcecode.swift; path = Services/PreviewData.swift; sourceTree = "<group>"; };
		BB0000000000000000000006 /* EventSummaryText.swift */ = {isa = PBXFileReference; lastKnownFileType = sourcecode.swift; path = SharedUI/EventSummaryText.swift; sourceTree = "<group>"; };
		BB0000000000000000000007 /* RelativeTimeText.swift */ = {isa = PBXFileReference; lastKnownFileType = sourcecode.swift; path = SharedUI/RelativeTimeText.swift; sourceTree = "<group>"; };
		BB0000000000000000000008 /* HomeView.swift */ = {isa = PBXFileReference; lastKnownFileType = sourcecode.swift; path = Features/Home/HomeView.swift; sourceTree = "<group>"; };
		BB0000000000000000000009 /* EventListView.swift */ = {isa = PBXFileReference; lastKnownFileType = sourcecode.swift; path = Features/Events/EventListView.swift; sourceTree = "<group>"; };
		BB0000000000000000000010 /* PetListView.swift */ = {isa = PBXFileReference; lastKnownFileType = sourcecode.swift; path = Features/Pets/PetListView.swift; sourceTree = "<group>"; };
		BB0000000000000000000011 /* PetDetailView.swift */ = {isa = PBXFileReference; lastKnownFileType = sourcecode.swift; path = Features/Pets/PetDetailView.swift; sourceTree = "<group>"; };
		BB0000000000000000000012 /* NotificationsView.swift */ = {isa = PBXFileReference; lastKnownFileType = sourcecode.swift; path = Features/Notifications/NotificationsView.swift; sourceTree = "<group>"; };
		BB0000000000000000000013 /* SettingsView.swift */ = {isa = PBXFileReference; lastKnownFileType = sourcecode.swift; path = Features/Settings/SettingsView.swift; sourceTree = "<group>"; };
		BB0000000000000000000014 /* DomainValidation.swift */ = {isa = PBXFileReference; lastKnownFileType = sourcecode.swift; path = Models/DomainValidation.swift; sourceTree = "<group>"; };
		BB0000000000000000000015 /* ReminderScheduler.swift */ = {isa = PBXFileReference; lastKnownFileType = sourcecode.swift; path = Services/ReminderScheduler.swift; sourceTree = "<group>"; };
		BB0000000000000000000016 /* RepositoryProtocols.swift */ = {isa = PBXFileReference; lastKnownFileType = sourcecode.swift; path = Repositories/RepositoryProtocols.swift; sourceTree = "<group>"; };
		BB0000000000000000000017 /* DomainValidationTests.swift */ = {isa = PBXFileReference; lastKnownFileType = sourcecode.swift; path = DomainValidationTests.swift; sourceTree = "<group>"; };
		BB0000000000000000000018 /* ReminderSchedulerTests.swift */ = {isa = PBXFileReference; lastKnownFileType = sourcecode.swift; path = ReminderSchedulerTests.swift; sourceTree = "<group>"; };
		BB0000000000000000000019 /* RepositoryTests.swift */ = {isa = PBXFileReference; lastKnownFileType = sourcecode.swift; path = RepositoryTests.swift; sourceTree = "<group>"; };
		BB0000000000000000000020 /* PetTrackerAppTests.xctest */ = {isa = PBXFileReference; explicitFileType = wrapper.cfbundle; includeInIndex = 0; path = PetTrackerAppTests.xctest; sourceTree = BUILT_PRODUCTS_DIR; };
		BB0000000000000000000021 /* SwiftDataModels.swift */ = {isa = PBXFileReference; lastKnownFileType = sourcecode.swift; path = Persistence/SwiftDataModels.swift; sourceTree = "<group>"; };
		BB0000000000000000000022 /* SwiftDataMappers.swift */ = {isa = PBXFileReference; lastKnownFileType = sourcecode.swift; path = Persistence/SwiftDataMappers.swift; sourceTree = "<group>"; };
		BB0000000000000000000023 /* SwiftDataRepositories.swift */ = {isa = PBXFileReference; lastKnownFileType = sourcecode.swift; path = Persistence/SwiftDataRepositories.swift; sourceTree = "<group>"; };
		BB0000000000000000000024 /* UserDefaultsSettingsRepository.swift */ = {isa = PBXFileReference; lastKnownFileType = sourcecode.swift; path = Persistence/UserDefaultsSettingsRepository.swift; sourceTree = "<group>"; };
		BB0000000000000000000025 /* SwiftDataPersistenceTests.swift */ = {isa = PBXFileReference; lastKnownFileType = sourcecode.swift; path = SwiftDataPersistenceTests.swift; sourceTree = "<group>"; };
		BB0000000000000000000026 /* PersistentRootView.swift */ = {isa = PBXFileReference; lastKnownFileType = sourcecode.swift; path = App/PersistentRootView.swift; sourceTree = "<group>"; };
		BB0000000000000000000027 /* SeedData.swift */ = {isa = PBXFileReference; lastKnownFileType = sourcecode.swift; path = Services/SeedData.swift; sourceTree = "<group>"; };
		BB0000000000000000000028 /* SeedData.local.swift */ = {isa = PBXFileReference; lastKnownFileType = sourcecode.swift; path = Services/SeedData.local.swift; sourceTree = "<group>"; };
		BB0000000000000000000029 /* EventSummaryRow.swift */ = {isa = PBXFileReference; lastKnownFileType = sourcecode.swift; path = SharedUI/EventSummaryRow.swift; sourceTree = "<group>"; };
		BB0000000000000000000030 /* ReminderSummaryRow.swift */ = {isa = PBXFileReference; lastKnownFileType = sourcecode.swift; path = SharedUI/ReminderSummaryRow.swift; sourceTree = "<group>"; };
		BB0000000000000000000031 /* DateGrouping.swift */ = {isa = PBXFileReference; lastKnownFileType = sourcecode.swift; path = SharedUI/DateGrouping.swift; sourceTree = "<group>"; };
		BB0000000000000000000032 /* EventCreationRoute.swift */ = {isa = PBXFileReference; lastKnownFileType = sourcecode.swift; path = Features/EventCreation/EventCreationRoute.swift; sourceTree = "<group>"; };
		BB0000000000000000000033 /* EventCreationSheet.swift */ = {isa = PBXFileReference; lastKnownFileType = sourcecode.swift; path = Features/EventCreation/EventCreationSheet.swift; sourceTree = "<group>"; };
		BB0000000000000000000034 /* FoodEventFormViewModel.swift */ = {isa = PBXFileReference; lastKnownFileType = sourcecode.swift; path = Features/EventCreation/FoodEventFormViewModel.swift; sourceTree = "<group>"; };
		BB0000000000000000000035 /* MedicineEventFormViewModel.swift */ = {isa = PBXFileReference; lastKnownFileType = sourcecode.swift; path = Features/EventCreation/MedicineEventFormViewModel.swift; sourceTree = "<group>"; };
		BB0000000000000000000036 /* LitterEventFormViewModel.swift */ = {isa = PBXFileReference; lastKnownFileType = sourcecode.swift; path = Features/EventCreation/LitterEventFormViewModel.swift; sourceTree = "<group>"; };
		BB0000000000000000000037 /* SavedOptionFormViewModel.swift */ = {isa = PBXFileReference; lastKnownFileType = sourcecode.swift; path = Features/EventCreation/SavedOptionFormViewModel.swift; sourceTree = "<group>"; };
		BB0000000000000000000038 /* FoodEventFormViewModelTests.swift */ = {isa = PBXFileReference; lastKnownFileType = sourcecode.swift; path = FoodEventFormViewModelTests.swift; sourceTree = "<group>"; };
/* End PBXFileReference section */

		DD0000000000000000000001 /* PetTrackerApp */ = {
			isa = PBXGroup;
			children = (
				BB0000000000000000000001 /* PetTrackerAppApp.swift */,
				BB0000000000000000000002 /* AppTabView.swift */,
				BB0000000000000000000026 /* PersistentRootView.swift */,
				BB0000000000000000000003 /* DomainModels.swift */,
				BB0000000000000000000014 /* DomainValidation.swift */,
				BB0000000000000000000021 /* SwiftDataModels.swift */,
				BB0000000000000000000022 /* SwiftDataMappers.swift */,
				BB0000000000000000000004 /* PetCareStore.swift */,
				BB0000000000000000000016 /* RepositoryProtocols.swift */,
				BB0000000000000000000023 /* SwiftDataRepositories.swift */,
				BB0000000000000000000024 /* UserDefaultsSettingsRepository.swift */,
				BB0000000000000000000005 /* PreviewData.swift */,
				BB0000000000000000000027 /* SeedData.swift */,
				BB0000000000000000000028 /* SeedData.local.swift */,
				BB0000000000000000000015 /* ReminderScheduler.swift */,
				BB0000000000000000000006 /* EventSummaryText.swift */,
				BB0000000000000000000029 /* EventSummaryRow.swift */,
				BB0000000000000000000030 /* ReminderSummaryRow.swift */,
				BB0000000000000000000007 /* RelativeTimeText.swift */,
				BB0000000000000000000031 /* DateGrouping.swift */,
				BB0000000000000000000032 /* EventCreationRoute.swift */,
				BB0000000000000000000033 /* EventCreationSheet.swift */,
				BB0000000000000000000034 /* FoodEventFormViewModel.swift */,
				BB0000000000000000000035 /* MedicineEventFormViewModel.swift */,
				BB0000000000000000000036 /* LitterEventFormViewModel.swift */,
				BB0000000000000000000037 /* SavedOptionFormViewModel.swift */,
				BB0000000000000000000008 /* HomeView.swift */,
				BB0000000000000000000009 /* EventListView.swift */,
				BB0000000000000000000010 /* PetListView.swift */,
				BB0000000000000000000011 /* PetDetailView.swift */,
				BB0000000000000000000012 /* NotificationsView.swift */,
				BB0000000000000000000013 /* SettingsView.swift */,
			);
			path = PetTrackerApp;
			sourceTree = "<group>";
		};

/* Begin PBXFrameworksBuildPhase section */
		CC0000000000000000000001 /* Frameworks */ = {
			isa = PBXFrameworksBuildPhase;
			buildActionMask = 2147483647;
			files = (
			);
			runOnlyForDeploymentPostprocessing = 0;
		};
		CC0000000000000000000014 /* Frameworks */ = {
			isa = PBXFrameworksBuildPhase;
			buildActionMask = 2147483647;
			files = (
			);
			runOnlyForDeploymentPostprocessing = 0;
		};
/* End PBXFrameworksBuildPhase section */

/* Begin PBXGroup section */
		CC0000000000000000000002 = {
			isa = PBXGroup;
			children = (
				DD0000000000000000000001 /* PetTrackerApp */,
				DD0000000000000000000002 /* PetTrackerAppTests */,
				CC0000000000000000000003 /* Products */,
			);
			sourceTree = "<group>";
		};
		CC0000000000000000000003 /* Products */ = {
			isa = PBXGroup;
			children = (
				BB0000000000000000000000 /* PetTrackerApp.app */,
				BB0000000000000000000020 /* PetTrackerAppTests.xctest */,
			);
			name = Products;
			sourceTree = "<group>";
		};
		DD0000000000000000000002 /* PetTrackerAppTests */ = {
			isa = PBXGroup;
			children = (
				BB0000000000000000000017 /* DomainValidationTests.swift */,
				BB0000000000000000000018 /* ReminderSchedulerTests.swift */,
				BB0000000000000000000019 /* RepositoryTests.swift */,
				BB0000000000000000000025 /* SwiftDataPersistenceTests.swift */,
				BB0000000000000000000038 /* FoodEventFormViewModelTests.swift */,
			);
			path = PetTrackerAppTests;
			sourceTree = "<group>";
		};
/* End PBXGroup section */

/* Begin PBXNativeTarget section */
		CC0000000000000000000004 /* PetTrackerApp */ = {
			isa = PBXNativeTarget;
			buildConfigurationList = CC0000000000000000000005 /* Build configuration list for PBXNativeTarget "PetTrackerApp" */;
			buildPhases = (
				CC0000000000000000000006 /* Sources */,
				CC0000000000000000000001 /* Frameworks */,
				CC0000000000000000000007 /* Resources */,
			);
			buildRules = (
			);
			dependencies = (
			);
			name = PetTrackerApp;
			packageProductDependencies = (
			);
			productName = PetTrackerApp;
			productReference = BB0000000000000000000000 /* PetTrackerApp.app */;
			productType = "com.apple.product-type.application";
		};
		CC0000000000000000000015 /* PetTrackerAppTests */ = {
			isa = PBXNativeTarget;
			buildConfigurationList = CC0000000000000000000016 /* Build configuration list for PBXNativeTarget "PetTrackerAppTests" */;
			buildPhases = (
				CC0000000000000000000017 /* Sources */,
				CC0000000000000000000014 /* Frameworks */,
				CC0000000000000000000018 /* Resources */,
			);
			buildRules = (
			);
			dependencies = (
				EE0000000000000000000002 /* PBXTargetDependency */,
			);
			name = PetTrackerAppTests;
			packageProductDependencies = (
			);
			productName = PetTrackerAppTests;
			productReference = BB0000000000000000000020 /* PetTrackerAppTests.xctest */;
			productType = "com.apple.product-type.bundle.unit-test";
		};
/* End PBXNativeTarget section */

/* Begin PBXProject section */
		CC0000000000000000000008 /* Project object */ = {
			isa = PBXProject;
			attributes = {
				BuildIndependentTargetsInParallel = 1;
				LastSwiftUpdateCheck = 2650;
				LastUpgradeCheck = 2650;
				TargetAttributes = {
					CC0000000000000000000004 = {
						CreatedOnToolsVersion = 26.5;
					};
					CC0000000000000000000015 = {
						CreatedOnToolsVersion = 26.5;
						TestTargetID = CC0000000000000000000004;
					};
				};
			};
			buildConfigurationList = CC0000000000000000000009 /* Build configuration list for PBXProject "PetTrackerApp" */;
			developmentRegion = en;
			hasScannedForEncodings = 0;
			knownRegions = (
				en,
				Base,
			);
			mainGroup = CC0000000000000000000002;
			minimizedProjectReferenceProxies = 1;
			preferredProjectObjectVersion = 77;
			productRefGroup = CC0000000000000000000003 /* Products */;
			projectDirPath = "";
			projectRoot = "";
			targets = (
				CC0000000000000000000004 /* PetTrackerApp */,
				CC0000000000000000000015 /* PetTrackerAppTests */,
			);
		};
/* End PBXProject section */

/* Begin PBXResourcesBuildPhase section */
		CC0000000000000000000007 /* Resources */ = {
			isa = PBXResourcesBuildPhase;
			buildActionMask = 2147483647;
			files = (
			);
			runOnlyForDeploymentPostprocessing = 0;
		};
		CC0000000000000000000018 /* Resources */ = {
			isa = PBXResourcesBuildPhase;
			buildActionMask = 2147483647;
			files = (
			);
			runOnlyForDeploymentPostprocessing = 0;
		};
/* End PBXResourcesBuildPhase section */

/* Begin PBXSourcesBuildPhase section */
		CC0000000000000000000006 /* Sources */ = {
			isa = PBXSourcesBuildPhase;
			buildActionMask = 2147483647;
			files = (
				AA0000000000000000000001 /* PetTrackerAppApp.swift in Sources */,
				AA0000000000000000000002 /* AppTabView.swift in Sources */,
				AA0000000000000000000025 /* PersistentRootView.swift in Sources */,
				AA0000000000000000000003 /* DomainModels.swift in Sources */,
				AA0000000000000000000014 /* DomainValidation.swift in Sources */,
				AA0000000000000000000020 /* SwiftDataModels.swift in Sources */,
				AA0000000000000000000021 /* SwiftDataMappers.swift in Sources */,
				AA0000000000000000000004 /* PetCareStore.swift in Sources */,
				AA0000000000000000000016 /* RepositoryProtocols.swift in Sources */,
				AA0000000000000000000022 /* SwiftDataRepositories.swift in Sources */,
				AA0000000000000000000023 /* UserDefaultsSettingsRepository.swift in Sources */,
				AA0000000000000000000005 /* PreviewData.swift in Sources */,
				AA0000000000000000000026 /* SeedData.swift in Sources */,
				AA0000000000000000000027 /* SeedData.local.swift in Sources */,
				AA0000000000000000000015 /* ReminderScheduler.swift in Sources */,
				AA0000000000000000000006 /* EventSummaryText.swift in Sources */,
				AA0000000000000000000028 /* EventSummaryRow.swift in Sources */,
				AA0000000000000000000029 /* ReminderSummaryRow.swift in Sources */,
				AA0000000000000000000007 /* RelativeTimeText.swift in Sources */,
				AA0000000000000000000030 /* DateGrouping.swift in Sources */,
				AA0000000000000000000031 /* EventCreationRoute.swift in Sources */,
				AA0000000000000000000032 /* EventCreationSheet.swift in Sources */,
				AA0000000000000000000033 /* FoodEventFormViewModel.swift in Sources */,
				AA0000000000000000000034 /* MedicineEventFormViewModel.swift in Sources */,
				AA0000000000000000000035 /* LitterEventFormViewModel.swift in Sources */,
				AA0000000000000000000036 /* SavedOptionFormViewModel.swift in Sources */,
				AA0000000000000000000008 /* HomeView.swift in Sources */,
				AA0000000000000000000009 /* EventListView.swift in Sources */,
				AA0000000000000000000010 /* PetListView.swift in Sources */,
				AA0000000000000000000011 /* PetDetailView.swift in Sources */,
				AA0000000000000000000012 /* NotificationsView.swift in Sources */,
				AA0000000000000000000013 /* SettingsView.swift in Sources */,
			);
			runOnlyForDeploymentPostprocessing = 0;
		};
		CC0000000000000000000017 /* Sources */ = {
			isa = PBXSourcesBuildPhase;
			buildActionMask = 2147483647;
			files = (
				AA0000000000000000000017 /* DomainValidationTests.swift in Sources */,
				AA0000000000000000000018 /* ReminderSchedulerTests.swift in Sources */,
				AA0000000000000000000019 /* RepositoryTests.swift in Sources */,
				AA0000000000000000000024 /* SwiftDataPersistenceTests.swift in Sources */,
				AA0000000000000000000037 /* FoodEventFormViewModelTests.swift in Sources */,
			);
			runOnlyForDeploymentPostprocessing = 0;
		};
/* End PBXSourcesBuildPhase section */

/* Begin PBXTargetDependency section */
		EE0000000000000000000002 /* PBXTargetDependency */ = {
			isa = PBXTargetDependency;
			target = CC0000000000000000000004 /* PetTrackerApp */;
			targetProxy = EE0000000000000000000001 /* PBXContainerItemProxy */;
		};
/* End PBXTargetDependency section */

/* Begin XCBuildConfiguration section */
		CC0000000000000000000010 /* Debug */ = {
			isa = XCBuildConfiguration;
			buildSettings = {
				ALWAYS_SEARCH_USER_PATHS = NO;
				CLANG_ANALYZER_NONNULL = YES;
				CLANG_ANALYZER_NUMBER_OBJECT_CONVERSION = YES_AGGRESSIVE;
				CLANG_CXX_LANGUAGE_STANDARD = "gnu++20";
				CLANG_ENABLE_MODULES = YES;
				CLANG_ENABLE_OBJC_ARC = YES;
				CLANG_ENABLE_OBJC_WEAK = YES;
				CLANG_WARN_BLOCK_CAPTURE_AUTORELEASING = YES;
				CLANG_WARN_BOOL_CONVERSION = YES;
				CLANG_WARN_COMMA = YES;
				CLANG_WARN_CONSTANT_CONVERSION = YES;
				CLANG_WARN_DEPRECATED_OBJC_IMPLEMENTATIONS = YES;
				CLANG_WARN_DIRECT_OBJC_ISA_USAGE = YES_ERROR;
				CLANG_WARN_DOCUMENTATION_COMMENTS = YES;
				CLANG_WARN_EMPTY_BODY = YES;
				CLANG_WARN_ENUM_CONVERSION = YES;
				CLANG_WARN_INFINITE_RECURSION = YES;
				CLANG_WARN_INT_CONVERSION = YES;
				CLANG_WARN_NON_LITERAL_NULL_CONVERSION = YES;
				CLANG_WARN_OBJC_IMPLICIT_RETAIN_SELF = YES;
				CLANG_WARN_OBJC_LITERAL_CONVERSION = YES;
				CLANG_WARN_OBJC_ROOT_CLASS = YES_ERROR;
				CLANG_WARN_QUOTED_INCLUDE_IN_FRAMEWORK_HEADER = YES;
				CLANG_WARN_RANGE_LOOP_ANALYSIS = YES;
				CLANG_WARN_STRICT_PROTOTYPES = YES;
				CLANG_WARN_SUSPICIOUS_MOVE = YES;
				CLANG_WARN_UNGUARDED_AVAILABILITY = YES_AGGRESSIVE;
				CLANG_WARN_UNREACHABLE_CODE = YES;
				CLANG_WARN__DUPLICATE_METHOD_MATCH = YES;
				COPY_PHASE_STRIP = NO;
				DEBUG_INFORMATION_FORMAT = dwarf;
				ENABLE_STRICT_OBJC_MSGSEND = YES;
				ENABLE_TESTABILITY = YES;
				ENABLE_USER_SCRIPT_SANDBOXING = YES;
				GCC_C_LANGUAGE_STANDARD = gnu17;
				GCC_DYNAMIC_NO_PIC = NO;
				GCC_NO_COMMON_BLOCKS = YES;
				GCC_OPTIMIZATION_LEVEL = 0;
				GCC_PREPROCESSOR_DEFINITIONS = (
					"DEBUG=1",
					"$(inherited)",
				);
				GCC_WARN_64_TO_32_BIT_CONVERSION = YES;
				GCC_WARN_ABOUT_RETURN_TYPE = YES_ERROR;
				GCC_WARN_UNDECLARED_SELECTOR = YES;
				GCC_WARN_UNINITIALIZED_AUTOS = YES_AGGRESSIVE;
				GCC_WARN_UNUSED_FUNCTION = YES;
				GCC_WARN_UNUSED_VARIABLE = YES;
				IPHONEOS_DEPLOYMENT_TARGET = 17.0;
				LOCALIZATION_PREFERS_STRING_CATALOGS = YES;
				MTL_ENABLE_DEBUG_INFO = INCLUDE_SOURCE;
				MTL_FAST_MATH = YES;
				ONLY_ACTIVE_ARCH = YES;
				SDKROOT = iphoneos;
				SWIFT_ACTIVE_COMPILATION_CONDITIONS = "DEBUG $(inherited)";
				SWIFT_OPTIMIZATION_LEVEL = "-Onone";
			};
			name = Debug;
		};
		CC0000000000000000000011 /* Release */ = {
			isa = XCBuildConfiguration;
			buildSettings = {
				ALWAYS_SEARCH_USER_PATHS = NO;
				CLANG_ANALYZER_NONNULL = YES;
				CLANG_ANALYZER_NUMBER_OBJECT_CONVERSION = YES_AGGRESSIVE;
				CLANG_CXX_LANGUAGE_STANDARD = "gnu++20";
				CLANG_ENABLE_MODULES = YES;
				CLANG_ENABLE_OBJC_ARC = YES;
				CLANG_ENABLE_OBJC_WEAK = YES;
				CLANG_WARN_BLOCK_CAPTURE_AUTORELEASING = YES;
				CLANG_WARN_BOOL_CONVERSION = YES;
				CLANG_WARN_COMMA = YES;
				CLANG_WARN_CONSTANT_CONVERSION = YES;
				CLANG_WARN_DEPRECATED_OBJC_IMPLEMENTATIONS = YES;
				CLANG_WARN_DIRECT_OBJC_ISA_USAGE = YES_ERROR;
				CLANG_WARN_DOCUMENTATION_COMMENTS = YES;
				CLANG_WARN_EMPTY_BODY = YES;
				CLANG_WARN_ENUM_CONVERSION = YES;
				CLANG_WARN_INFINITE_RECURSION = YES;
				CLANG_WARN_INT_CONVERSION = YES;
				CLANG_WARN_NON_LITERAL_NULL_CONVERSION = YES;
				CLANG_WARN_OBJC_IMPLICIT_RETAIN_SELF = YES;
				CLANG_WARN_OBJC_LITERAL_CONVERSION = YES;
				CLANG_WARN_OBJC_ROOT_CLASS = YES_ERROR;
				CLANG_WARN_QUOTED_INCLUDE_IN_FRAMEWORK_HEADER = YES;
				CLANG_WARN_RANGE_LOOP_ANALYSIS = YES;
				CLANG_WARN_STRICT_PROTOTYPES = YES;
				CLANG_WARN_SUSPICIOUS_MOVE = YES;
				CLANG_WARN_UNGUARDED_AVAILABILITY = YES_AGGRESSIVE;
				CLANG_WARN_UNREACHABLE_CODE = YES;
				CLANG_WARN__DUPLICATE_METHOD_MATCH = YES;
				COPY_PHASE_STRIP = NO;
				DEBUG_INFORMATION_FORMAT = "dwarf-with-dsym";
				ENABLE_NS_ASSERTIONS = NO;
				ENABLE_STRICT_OBJC_MSGSEND = YES;
				ENABLE_USER_SCRIPT_SANDBOXING = YES;
				GCC_C_LANGUAGE_STANDARD = gnu17;
				GCC_NO_COMMON_BLOCKS = YES;
				GCC_WARN_64_TO_32_BIT_CONVERSION = YES;
				GCC_WARN_ABOUT_RETURN_TYPE = YES_ERROR;
				GCC_WARN_UNDECLARED_SELECTOR = YES;
				GCC_WARN_UNINITIALIZED_AUTOS = YES_AGGRESSIVE;
				GCC_WARN_UNUSED_FUNCTION = YES;
				GCC_WARN_UNUSED_VARIABLE = YES;
				IPHONEOS_DEPLOYMENT_TARGET = 17.0;
				LOCALIZATION_PREFERS_STRING_CATALOGS = YES;
				MTL_ENABLE_DEBUG_INFO = NO;
				MTL_FAST_MATH = YES;
				SDKROOT = iphoneos;
				SWIFT_COMPILATION_MODE = wholemodule;
				VALIDATE_PRODUCT = YES;
			};
			name = Release;
		};
		CC0000000000000000000012 /* Debug */ = {
			isa = XCBuildConfiguration;
			buildSettings = {
				ASSETCATALOG_COMPILER_APPICON_NAME = AppIcon;
				ASSETCATALOG_COMPILER_GLOBAL_ACCENT_COLOR_NAME = AccentColor;
				CODE_SIGN_STYLE = Automatic;
				CURRENT_PROJECT_VERSION = 1;
				DEVELOPMENT_TEAM = "";
				GENERATE_INFOPLIST_FILE = YES;
				INFOPLIST_KEY_UIApplicationSceneManifest_Generation = YES;
				INFOPLIST_KEY_UIApplicationSupportsIndirectInputEvents = YES;
				INFOPLIST_KEY_UILaunchScreen_Generation = YES;
				INFOPLIST_KEY_UISupportedInterfaceOrientations_iPhone = "UIInterfaceOrientationPortrait UIInterfaceOrientationLandscapeLeft UIInterfaceOrientationLandscapeRight";
				IPHONEOS_DEPLOYMENT_TARGET = 17.0;
				LD_RUNPATH_SEARCH_PATHS = (
					"$(inherited)",
					"@executable_path/Frameworks",
				);
				MARKETING_VERSION = 1.0;
				PRODUCT_BUNDLE_IDENTIFIER = com.tammie.PetTrackerApp;
				PRODUCT_NAME = "$(TARGET_NAME)";
				SWIFT_EMIT_LOC_STRINGS = YES;
				SWIFT_VERSION = 6.0;
				TARGETED_DEVICE_FAMILY = 1;
			};
			name = Debug;
		};
		CC0000000000000000000013 /* Release */ = {
			isa = XCBuildConfiguration;
			buildSettings = {
				ASSETCATALOG_COMPILER_APPICON_NAME = AppIcon;
				ASSETCATALOG_COMPILER_GLOBAL_ACCENT_COLOR_NAME = AccentColor;
				CODE_SIGN_STYLE = Automatic;
				CURRENT_PROJECT_VERSION = 1;
				DEVELOPMENT_TEAM = "";
				GENERATE_INFOPLIST_FILE = YES;
				INFOPLIST_KEY_UIApplicationSceneManifest_Generation = YES;
				INFOPLIST_KEY_UIApplicationSupportsIndirectInputEvents = YES;
				INFOPLIST_KEY_UILaunchScreen_Generation = YES;
				INFOPLIST_KEY_UISupportedInterfaceOrientations_iPhone = "UIInterfaceOrientationPortrait UIInterfaceOrientationLandscapeLeft UIInterfaceOrientationLandscapeRight";
				IPHONEOS_DEPLOYMENT_TARGET = 17.0;
				LD_RUNPATH_SEARCH_PATHS = (
					"$(inherited)",
					"@executable_path/Frameworks",
				);
				MARKETING_VERSION = 1.0;
				PRODUCT_BUNDLE_IDENTIFIER = com.tammie.PetTrackerApp;
				PRODUCT_NAME = "$(TARGET_NAME)";
				SWIFT_EMIT_LOC_STRINGS = YES;
				SWIFT_VERSION = 6.0;
				TARGETED_DEVICE_FAMILY = 1;
			};
			name = Release;
		};
		CC0000000000000000000019 /* Debug */ = {
			isa = XCBuildConfiguration;
			buildSettings = {
				BUNDLE_LOADER = "$(TEST_HOST)";
				CODE_SIGN_STYLE = Automatic;
				CURRENT_PROJECT_VERSION = 1;
				DEVELOPMENT_TEAM = "";
				GENERATE_INFOPLIST_FILE = YES;
				IPHONEOS_DEPLOYMENT_TARGET = 17.0;
				LD_RUNPATH_SEARCH_PATHS = (
					"$(inherited)",
					"@executable_path/Frameworks",
					"@loader_path/Frameworks",
				);
				MARKETING_VERSION = 1.0;
				PRODUCT_BUNDLE_IDENTIFIER = com.tammie.PetTrackerAppTests;
				PRODUCT_NAME = "$(TARGET_NAME)";
				SWIFT_EMIT_LOC_STRINGS = NO;
				SWIFT_VERSION = 6.0;
				TARGETED_DEVICE_FAMILY = 1;
				TEST_HOST = "$(BUILT_PRODUCTS_DIR)/PetTrackerApp.app/$(BUNDLE_EXECUTABLE_FOLDER_PATH)/PetTrackerApp";
			};
			name = Debug;
		};
		CC0000000000000000000020 /* Release */ = {
			isa = XCBuildConfiguration;
			buildSettings = {
				BUNDLE_LOADER = "$(TEST_HOST)";
				CODE_SIGN_STYLE = Automatic;
				CURRENT_PROJECT_VERSION = 1;
				DEVELOPMENT_TEAM = "";
				GENERATE_INFOPLIST_FILE = YES;
				IPHONEOS_DEPLOYMENT_TARGET = 17.0;
				LD_RUNPATH_SEARCH_PATHS = (
					"$(inherited)",
					"@executable_path/Frameworks",
					"@loader_path/Frameworks",
				);
				MARKETING_VERSION = 1.0;
				PRODUCT_BUNDLE_IDENTIFIER = com.tammie.PetTrackerAppTests;
				PRODUCT_NAME = "$(TARGET_NAME)";
				SWIFT_EMIT_LOC_STRINGS = NO;
				SWIFT_VERSION = 6.0;
				TARGETED_DEVICE_FAMILY = 1;
				TEST_HOST = "$(BUILT_PRODUCTS_DIR)/PetTrackerApp.app/$(BUNDLE_EXECUTABLE_FOLDER_PATH)/PetTrackerApp";
			};
			name = Release;
		};
/* End XCBuildConfiguration section */

/* Begin XCConfigurationList section */
		CC0000000000000000000009 /* Build configuration list for PBXProject "PetTrackerApp" */ = {
			isa = XCConfigurationList;
			buildConfigurations = (
				CC0000000000000000000010 /* Debug */,
				CC0000000000000000000011 /* Release */,
			);
			defaultConfigurationIsVisible = 0;
			defaultConfigurationName = Release;
		};
		CC0000000000000000000005 /* Build configuration list for PBXNativeTarget "PetTrackerApp" */ = {
			isa = XCConfigurationList;
			buildConfigurations = (
				CC0000000000000000000012 /* Debug */,
				CC0000000000000000000013 /* Release */,
			);
			defaultConfigurationIsVisible = 0;
			defaultConfigurationName = Release;
		};
		CC0000000000000000000016 /* Build configuration list for PBXNativeTarget "PetTrackerAppTests" */ = {
			isa = XCConfigurationList;
			buildConfigurations = (
				CC0000000000000000000019 /* Debug */,
				CC0000000000000000000020 /* Release */,
			);
			defaultConfigurationIsVisible = 0;
			defaultConfigurationName = Release;
		};
/* End XCConfigurationList section */
	};
	rootObject = CC0000000000000000000008 /* Project object */;
}
